// !$*UTF8*$!
{
	archiveVersion = 1;
	classes = {
	};
	objectVersion = 56;
	objects = {

/* Begin PBXBuildFile section */
		97BFCC7B29871FF8003ABDF4 /* WaterAppApp.swift in Sources */ = {isa = PBXBuildFile; fileRef = 97BFCC7A29871FF8003ABDF4 /* WaterAppApp.swift */; };
		97BFCC7D29871FF8003ABDF4 /* ContentView.swift in Sources */ = {isa = PBXBuildFile; fileRef = 97BFCC7C29871FF8003ABDF4 /* ContentView.swift */; };
		97BFCC7F29871FFB003ABDF4 /* Assets.xcassets in Resources */ = {isa = PBXBuildFile; fileRef = 97BFCC7E29871FFB003ABDF4 /* Assets.xcassets */; };
		97BFCC8229871FFB003ABDF4 /* Preview Assets.xcassets in Resources */ = {isa = PBXBuildFile; fileRef = 97BFCC8129871FFB003ABDF4 /* Preview Assets.xcassets */; };
		97BFCC8829871FFB003ABDF4 /* WaterApp Watch App.app in Embed Watch Content */ = {isa = PBXBuildFile; fileRef = 97BFCC8729871FFB003ABDF4 /* WaterApp Watch App.app */; settings = {ATTRIBUTES = (RemoveHeadersOnCopy, ); }; };
		97BFCC8D29871FFB003ABDF4 /* WaterAppApp.swift in Sources */ = {isa = PBXBuildFile; fileRef = 97BFCC8C29871FFB003ABDF4 /* WaterAppApp.swift */; };
		97BFCC8F29871FFB003ABDF4 /* ContentView.swift in Sources */ = {isa = PBXBuildFile; fileRef = 97BFCC8E29871FFB003ABDF4 /* ContentView.swift */; };
		97BFCC9129871FFD003ABDF4 /* Assets.xcassets in Resources */ = {isa = PBXBuildFile; fileRef = 97BFCC9029871FFD003ABDF4 /* Assets.xcassets */; };
		97BFCC9429871FFD003ABDF4 /* Preview Assets.xcassets in Resources */ = {isa = PBXBuildFile; fileRef = 97BFCC9329871FFD003ABDF4 /* Preview Assets.xcassets */; };
		97F5C0B12987300C00F82C3E /* datamodel.swift in Sources */ = {isa = PBXBuildFile; fileRef = 97F5C0B02987300C00F82C3E /* datamodel.swift */; };
		97F5C0B32987309600F82C3E /* datamodel.swift in Sources */ = {isa = PBXBuildFile; fileRef = 97F5C0B22987309600F82C3E /* datamodel.swift */; };
/* End PBXBuildFile section */

/* Begin PBXCopyFilesBuildPhase section */
		97BFCC9A29871FFD003ABDF4 /* Embed Watch Content */ = {
			isa = PBXCopyFilesBuildPhase;
			buildActionMask = 2147483647;
			dstPath = "$(CONTENTS_FOLDER_PATH)/Watch";
			dstSubfolderSpec = 16;
			files = (
				97BFCC8829871FFB003ABDF4 /* WaterApp Watch App.app in Embed Watch Content */,
			);
			name = "Embed Watch Content";
			runOnlyForDeploymentPostprocessing = 0;
		};
/* End PBXCopyFilesBuildPhase section */

/* Begin PBXFileReference section */
		97BFCC7729871FF8003ABDF4 /* WaterApp.app */ = {isa = PBXFileReference; explicitFileType = wrapper.application; includeInIndex = 0; path = WaterApp.app; sourceTree = BUILT_PRODUCTS_DIR; };
		97BFCC7A29871FF8003ABDF4 /* WaterAppApp.swift */ = {isa = PBXFileReference; lastKnownFileType = sourcecode.swift; path = WaterAppApp.swift; sourceTree = "<group>"; };
		97BFCC7C29871FF8003ABDF4 /* ContentView.swift */ = {isa = PBXFileReference; lastKnownFileType = sourcecode.swift; path = ContentView.swift; sourceTree = "<group>"; };
		97BFCC7E29871FFB003ABDF4 /* Assets.xcassets */ = {isa = PBXFileReference; lastKnownFileType = folder.assetcatalog; path = Assets.xcassets; sourceTree = "<group>"; };
		97BFCC8129871FFB003ABDF4 /* Preview Assets.xcassets */ = {isa = PBXFileReference; lastKnownFileType = folder.assetcatalog; path = "Preview Assets.xcassets"; sourceTree = "<group>"; };
		97BFCC8729871FFB003ABDF4 /* WaterApp Watch App.app */ = {isa = PBXFileReference; explicitFileType = wrapper.application; includeInIndex = 0; path = "WaterApp Watch App.app"; sourceTree = BUILT_PRODUCTS_DIR; };
		97BFCC8C29871FFB003ABDF4 /* WaterAppApp.swift */ = {isa = PBXFileReference; lastKnownFileType = sourcecode.swift; path = WaterAppApp.swift; sourceTree = "<group>"; };
		97BFCC8E29871FFB003ABDF4 /* ContentView.swift */ = {isa = PBXFileReference; lastKnownFileType = sourcecode.swift; path = ContentView.swift; sourceTree = "<group>"; };
		97BFCC9029871FFD003ABDF4 /* Assets.xcassets */ = {isa = PBXFileReference; lastKnownFileType = folder.assetcatalog; path = Assets.xcassets; sourceTree = "<group>"; };
		97BFCC9329871FFD003ABDF4 /* Preview Assets.xcassets */ = {isa = PBXFileReference; lastKnownFileType = folder.assetcatalog; path = "Preview Assets.xcassets"; sourceTree = "<group>"; };
		97F5C0B02987300C00F82C3E /* datamodel.swift */ = {isa = PBXFileReference; lastKnownFileType = sourcecode.swift; path = datamodel.swift; sourceTree = "<group>"; };
		97F5C0B22987309600F82C3E /* datamodel.swift */ = {isa = PBXFileReference; lastKnownFileType = sourcecode.swift; path = datamodel.swift; sourceTree = "<group>"; };
/* End PBXFileReference section */

/* Begin PBXFrameworksBuildPhase section */
		97BFCC7429871FF8003ABDF4 /* Frameworks */ = {
			isa = PBXFrameworksBuildPhase;
			buildActionMask = 2147483647;
			files = (
			);
			runOnlyForDeploymentPostprocessing = 0;
		};
		97BFCC8429871FFB003ABDF4 /* Frameworks */ = {
			isa = PBXFrameworksBuildPhase;
			buildActionMask = 2147483647;
			files = (
			);
			runOnlyForDeploymentPostprocessing = 0;
		};
/* End PBXFrameworksBuildPhase section */

/* Begin PBXGroup section */
		97BFCC6E29871FF7003ABDF4 = {
			isa = PBXGroup;
			children = (
				97BFCC7929871FF8003ABDF4 /* WaterApp */,
				97BFCC8B29871FFB003ABDF4 /* WaterApp Watch App */,
				97BFCC7829871FF8003ABDF4 /* Products */,
			);
			sourceTree = "<group>";
		};
		97BFCC7829871FF8003ABDF4 /* Products */ = {
			isa = PBXGroup;
			children = (
				97BFCC7729871FF8003ABDF4 /* WaterApp.app */,
				97BFCC8729871FFB003ABDF4 /* WaterApp Watch App.app */,
			);
			name = Products;
			sourceTree = "<group>";
		};
		97BFCC7929871FF8003ABDF4 /* WaterApp */ = {
			isa = PBXGroup;
			children = (
				97BFCC7A29871FF8003ABDF4 /* WaterAppApp.swift */,
				97BFCC7C29871FF8003ABDF4 /* ContentView.swift */,
				97F5C0B22987309600F82C3E /* datamodel.swift */,
				97BFCC7E29871FFB003ABDF4 /* Assets.xcassets */,
				97BFCC8029871FFB003ABDF4 /* Preview Content */,
			);
			path = WaterApp;
			sourceTree = "<group>";
		};
		97BFCC8029871FFB003ABDF4 /* Preview Content */ = {
			isa = PBXGroup;
			children = (
				97BFCC8129871FFB003ABDF4 /* Preview Assets.xcassets */,
			);
			path = "Preview Content";
			sourceTree = "<group>";
		};
		97BFCC8B29871FFB003ABDF4 /* WaterApp Watch App */ = {
			isa = PBXGroup;
			children = (
				97BFCC8C29871FFB003ABDF4 /* WaterAppApp.swift */,
				97BFCC8E29871FFB003ABDF4 /* ContentView.swift */,
				97F5C0B02987300C00F82C3E /* datamodel.swift */,
				97BFCC9029871FFD003ABDF4 /* Assets.xcassets */,
				97BFCC9229871FFD003ABDF4 /* Preview Content */,
			);
			path = "WaterApp Watch App";
			sourceTree = "<group>";
		};
		97BFCC9229871FFD003ABDF4 /* Preview Content */ = {
			isa = PBXGroup;
			children = (
				97BFCC9329871FFD003ABDF4 /* Preview Assets.xcassets */,
			);
			path = "Preview Content";
			sourceTree = "<group>";
		};
/* End PBXGroup section */

/* Begin PBXNativeTarget section */
		97BFCC7629871FF8003ABDF4 /* WaterApp */ = {
			isa = PBXNativeTarget;
			buildConfigurationList = 97BFCC9B29871FFD003ABDF4 /* Build configuration list for PBXNativeTarget "WaterApp" */;
			buildPhases = (
				97BFCC7329871FF8003ABDF4 /* Sources */,
				97BFCC7429871FF8003ABDF4 /* Frameworks */,
				97BFCC7529871FF8003ABDF4 /* Resources */,
				97BFCC9A29871FFD003ABDF4 /* Embed Watch Content */,
			);
			buildRules = (
			);
			dependencies = (
			);
			name = WaterApp;
			productName = WaterApp;
			productReference = 97BFCC7729871FF8003ABDF4 /* WaterApp.app */;
			productType = "com.apple.product-type.application";
		};
		97BFCC8629871FFB003ABDF4 /* WaterApp Watch App */ = {
			isa = PBXNativeTarget;
			buildConfigurationList = 97BFCC9729871FFD003ABDF4 /* Build configuration list for PBXNativeTarget "WaterApp Watch App" */;
			buildPhases = (
				97BFCC8329871FFB003ABDF4 /* Sources */,
				97BFCC8429871FFB003ABDF4 /* Frameworks */,
				97BFCC8529871FFB003ABDF4 /* Resources */,
			);
			buildRules = (
			);
			dependencies = (
			);
			name = "WaterApp Watch App";
			productName = "WaterApp Watch App";
			productReference = 97BFCC8729871FFB003ABDF4 /* WaterApp Watch App.app */;
			productType = "com.apple.product-type.application";
		};
/* End PBXNativeTarget section */

/* Begin PBXProject section */
		97BFCC6F29871FF7003ABDF4 /* Project object */ = {
			isa = PBXProject;
			attributes = {
				BuildIndependentTargetsInParallel = 1;
				LastSwiftUpdateCheck = 1420;
				LastUpgradeCheck = 1420;
				TargetAttributes = {
					97BFCC7629871FF8003ABDF4 = {
						CreatedOnToolsVersion = 14.2;
					};
					97BFCC8629871FFB003ABDF4 = {
						CreatedOnToolsVersion = 14.2;
					};
				};
			};
			buildConfigurationList = 97BFCC7229871FF7003ABDF4 /* Build configuration list for PBXProject "WaterApp" */;
			compatibilityVersion = "Xcode 14.0";
			developmentRegion = en;
			hasScannedForEncodings = 0;
			knownRegions = (
				en,
				Base,
			);
			mainGroup = 97BFCC6E29871FF7003ABDF4;
			productRefGroup = 97BFCC7829871FF8003ABDF4 /* Products */;
			projectDirPath = "";
			projectRoot = "";
			targets = (
				97BFCC7629871FF8003ABDF4 /* WaterApp */,
				97BFCC8629871FFB003ABDF4 /* WaterApp Watch App */,
			);
		};
/* End PBXProject section */

/* Begin PBXResourcesBuildPhase section */
		97BFCC7529871FF8003ABDF4 /* Resources */ = {
			isa = PBXResourcesBuildPhase;
			buildActionMask = 2147483647;
			files = (
				97BFCC8229871FFB003ABDF4 /* Preview Assets.xcassets in Resources */,
				97BFCC7F29871FFB003ABDF4 /* Assets.xcassets in Resources */,
			);
			runOnlyForDeploymentPostprocessing = 0;
		};
		97BFCC8529871FFB003ABDF4 /* Resources */ = {
			isa = PBXResourcesBuildPhase;
			buildActionMask = 2147483647;
			files = (
				97BFCC9429871FFD003ABDF4 /* Preview Assets.xcassets in Resources */,
				97BFCC9129871FFD003ABDF4 /* Assets.xcassets in Resources */,
			);
			runOnlyForDeploymentPostprocessing = 0;
		};
/* End PBXResourcesBuildPhase section */

/* Begin PBXSourcesBuildPhase section */
		97BFCC7329871FF8003ABDF4 /* Sources */ = {
			isa = PBXSourcesBuildPhase;
			buildActionMask = 2147483647;
			files = (
				97F5C0B32987309600F82C3E /* datamodel.swift in Sources */,
				97BFCC7D29871FF8003ABDF4 /* ContentView.swift in Sources */,
				97BFCC7B29871FF8003ABDF4 /* WaterAppApp.swift in Sources */,
			);
			runOnlyForDeploymentPostprocessing = 0;
		};
		97BFCC8329871FFB003ABDF4 /* Sources */ = {
			isa = PBXSourcesBuildPhase;
			buildActionMask = 2147483647;
			files = (
				97F5C0B12987300C00F82C3E /* datamodel.swift in Sources */,
				97BFCC8F29871FFB003ABDF4 /* ContentView.swift in Sources */,
				97BFCC8D29871FFB003ABDF4 /* WaterAppApp.swift in Sources */,
			);
			runOnlyForDeploymentPostprocessing = 0;
		};
/* End PBXSourcesBuildPhase section */

/* Begin XCBuildConfiguration section */
		97BFCC9529871FFD003ABDF4 /* Debug */ = {
			isa = XCBuildConfiguration;
			buildSettings = {
				ALWAYS_SEARCH_USER_PATHS = NO;
				CLANG_ANALYZER_NONNULL = YES;
				CLANG_ANALYZER_NUMBER_OBJECT_CONVERSION = YES_AGGRESSIVE;
				CLANG_CXX_LANGUAGE_STANDARD = "gnu++20";
				CLANG_ENABLE_MODULES = YES;
				CLANG_ENABLE_OBJC_ARC = YES;
				CLANG_ENABLE_OBJC_WEAK = YES;
				CLANG_WARN_BLOCK_CAPTURE_AUTORELEASING = YES;
				CLANG_WARN_BOOL_CONVERSION = YES;
				CLANG_WARN_COMMA = YES;
				CLANG_WARN_CONSTANT_CONVERSION = YES;
				CLANG_WARN_DEPRECATED_OBJC_IMPLEMENTATIONS = YES;
				CLANG_WARN_DIRECT_OBJC_ISA_USAGE = YES_ERROR;
				CLANG_WARN_DOCUMENTATION_COMMENTS = YES;
				CLANG_WARN_EMPTY_BODY = YES;
				CLANG_WARN_ENUM_CONVERSION = YES;
				CLANG_WARN_INFINITE_RECURSION = YES;
				CLANG_WARN_INT_CONVERSION = YES;
				CLANG_WARN_NON_LITERAL_NULL_CONVERSION = YES;
				CLANG_WARN_OBJC_IMPLICIT_RETAIN_SELF = YES;
				CLANG_WARN_OBJC_LITERAL_CONVERSION = YES;
				CLANG_WARN_OBJC_ROOT_CLASS = YES_ERROR;
				CLANG_WARN_QUOTED_INCLUDE_IN_FRAMEWORK_HEADER = YES;
				CLANG_WARN_RANGE_LOOP_ANALYSIS = YES;
				CLANG_WARN_STRICT_PROTOTYPES = YES;
				CLANG_WARN_SUSPICIOUS_MOVE = YES;
				CLANG_WARN_UNGUARDED_AVAILABILITY = YES_AGGRESSIVE;
				CLANG_WARN_UNREACHABLE_CODE = YES;
				CLANG_WARN__DUPLICATE_METHOD_MATCH = YES;
				COPY_PHASE_STRIP = NO;
				DEBUG_INFORMATION_FORMAT = dwarf;
				ENABLE_STRICT_OBJC_MSGSEND = YES;
				ENABLE_TESTABILITY = YES;
				GCC_C_LANGUAGE_STANDARD = gnu11;
				GCC_DYNAMIC_NO_PIC = NO;
				GCC_NO_COMMON_BLOCKS = YES;
				GCC_OPTIMIZATION_LEVEL = 0;
				GCC_PREPROCESSOR_DEFINITIONS = (
					"DEBUG=1",
					"$(inherited)",
				);
				GCC_WARN_64_TO_32_BIT_CONVERSION = YES;
				GCC_WARN_ABOUT_RETURN_TYPE = YES_ERROR;
				GCC_WARN_UNDECLARED_SELECTOR = YES;
				GCC_WARN_UNINITIALIZED_AUTOS = YES_AGGRESSIVE;
				GCC_WARN_UNUSED_FUNCTION = YES;
				GCC_WARN_UNUSED_VARIABLE = YES;
				MTL_ENABLE_DEBUG_INFO = INCLUDE_SOURCE;
				MTL_FAST_MATH = YES;
				ONLY_ACTIVE_ARCH = YES;
				SWIFT_ACTIVE_COMPILATION_CONDITIONS = DEBUG;
				SWIFT_OPTIMIZATION_LEVEL = "-Onone";
			};
			name = Debug;
		};
		97BFCC9629871FFD003ABDF4 /* Release */ = {
			isa = XCBuildConfiguration;
			buildSettings = {
				ALWAYS_SEARCH_USER_PATHS = NO;
				CLANG_ANALYZER_NONNULL = YES;
				CLANG_ANALYZER_NUMBER_OBJECT_CONVERSION = YES_AGGRESSIVE;
				CLANG_CXX_LANGUAGE_STANDARD = "gnu++20";
				CLANG_ENABLE_MODULES = YES;
				CLANG_ENABLE_OBJC_ARC = YES;
				CLANG_ENABLE_OBJC_WEAK = YES;
				CLANG_WARN_BLOCK_CAPTURE_AUTORELEASING = YES;
				CLANG_WARN_BOOL_CONVERSION = YES;
				CLANG_WARN_COMMA = YES;
				CLANG_WARN_CONSTANT_CONVERSION = YES;
				CLANG_WARN_DEPRECATED_OBJC_IMPLEMENTATIONS = YES;
				CLANG_WARN_DIRECT_OBJC_ISA_USAGE = YES_ERROR;
				CLANG_WARN_DOCUMENTATION_COMMENTS = YES;
				CLANG_WARN_EMPTY_BODY = YES;
				CLANG_WARN_ENUM_CONVERSION = YES;
				CLANG_WARN_INFINITE_RECURSION = YES;
				CLANG_WARN_INT_CONVERSION = YES;
				CLANG_WARN_NON_LITERAL_NULL_CONVERSION = YES;
				CLANG_WARN_OBJC_IMPLICIT_RETAIN_SELF = YES;
				CLANG_WARN_OBJC_LITERAL_CONVERSION = YES;
				CLANG_WARN_OBJC_ROOT_CLASS = YES_ERROR;
				CLANG_WARN_QUOTED_INCLUDE_IN_FRAMEWORK_HEADER = YES;
				CLANG_WARN_RANGE_LOOP_ANALYSIS = YES;
				CLANG_WARN_STRICT_PROTOTYPES = YES;
				CLANG_WARN_SUSPICIOUS_MOVE = YES;
				CLANG_WARN_UNGUARDED_AVAILABILITY = YES_AGGRESSIVE;
				CLANG_WARN_UNREACHABLE_CODE = YES;
				CLANG_WARN__DUPLICATE_METHOD_MATCH = YES;
				COPY_PHASE_STRIP = NO;
				DEBUG_INFORMATION_FORMAT = "dwarf-with-dsym";
				ENABLE_NS_ASSERTIONS = NO;
				ENABLE_STRICT_OBJC_MSGSEND = YES;
				GCC_C_LANGUAGE_STANDARD = gnu11;
				GCC_NO_COMMON_BLOCKS = YES;
				GCC_WARN_64_TO_32_BIT_CONVERSION = YES;
				GCC_WARN_ABOUT_RETURN_TYPE = YES_ERROR;
				GCC_WARN_UNDECLARED_SELECTOR = YES;
				GCC_WARN_UNINITIALIZED_AUTOS = YES_AGGRESSIVE;
				GCC_WARN_UNUSED_FUNCTION = YES;
				GCC_WARN_UNUSED_VARIABLE = YES;
				MTL_ENABLE_DEBUG_INFO = NO;
				MTL_FAST_MATH = YES;
				SWIFT_COMPILATION_MODE = wholemodule;
				SWIFT_OPTIMIZATION_LEVEL = "-O";
			};
			name = Release;
		};
		97BFCC9829871FFD003ABDF4 /* Debug */ = {
			isa = XCBuildConfiguration;
			buildSettings = {
				ASSETCATALOG_COMPILER_APPICON_NAME = AppIcon;
				ASSETCATALOG_COMPILER_GLOBAL_ACCENT_COLOR_NAME = AccentColor;
				CODE_SIGN_STYLE = Automatic;
				CURRENT_PROJECT_VERSION = 1;
				DEVELOPMENT_ASSET_PATHS = "\"WaterApp Watch App/Preview Content\"";
				DEVELOPMENT_TEAM = C89Y3B6NMY;
				ENABLE_PREVIEWS = YES;
				GENERATE_INFOPLIST_FILE = YES;
				INFOPLIST_KEY_CFBundleDisplayName = WaterApp;
				INFOPLIST_KEY_UISupportedInterfaceOrientations = "UIInterfaceOrientationPortrait UIInterfaceOrientationPortraitUpsideDown";
				INFOPLIST_KEY_WKCompanionAppBundleIdentifier = com.husalmous.WaterAppp;
				LD_RUNPATH_SEARCH_PATHS = (
					"$(inherited)",
					"@executable_path/Frameworks",
				);
				MARKETING_VERSION = 1.0;
				PRODUCT_BUNDLE_IDENTIFIER = com.husalmous.WaterAppp.watchkitapp;
				PRODUCT_NAME = "$(TARGET_NAME)";
				SDKROOT = watchos;
				SKIP_INSTALL = YES;
				SWIFT_EMIT_LOC_STRINGS = YES;
				SWIFT_VERSION = 5.0;
				TARGETED_DEVICE_FAMILY = 4;
				WATCHOS_DEPLOYMENT_TARGET = 9.1;
			};
			name = Debug;
		};
		97BFCC9929871FFD003ABDF4 /* Release */ = {
			isa = XCBuildConfiguration;
			buildSettings = {
				ASSETCATALOG_COMPILER_APPICON_NAME = AppIcon;
				ASSETCATALOG_COMPILER_GLOBAL_ACCENT_COLOR_NAME = AccentColor;
				CODE_SIGN_STYLE = Automatic;
				CURRENT_PROJECT_VERSION = 1;
				DEVELOPMENT_ASSET_PATHS = "\"WaterApp Watch App/Preview Content\"";
				DEVELOPMENT_TEAM = C89Y3B6NMY;
				ENABLE_PREVIEWS = YES;
				GENERATE_INFOPLIST_FILE = YES;
				INFOPLIST_KEY_CFBundleDisplayName = WaterApp;
				INFOPLIST_KEY_UISupportedInterfaceOrientations = "UIInterfaceOrientationPortrait UIInterfaceOrientationPortraitUpsideDown";
				INFOPLIST_KEY_WKCompanionAppBundleIdentifier = com.husalmous.WaterAppp;
				LD_RUNPATH_SEARCH_PATHS = (
					"$(inherited)",
					"@executable_path/Frameworks",
				);
				MARKETING_VERSION = 1.0;
				PRODUCT_BUNDLE_IDENTIFIER = com.husalmous.WaterAppp.watchkitapp;
				PRODUCT_NAME = "$(TARGET_NAME)";
				SDKROOT = watchos;
				SKIP_INSTALL = YES;
				SWIFT_EMIT_LOC_STRINGS = YES;
				SWIFT_VERSION = 5.0;
				TARGETED_DEVICE_FAMILY = 4;
				VALIDATE_PRODUCT = YES;
				WATCHOS_DEPLOYMENT_TARGET = 9.1;
			};
			name = Release;
		};
		97BFCC9C29871FFD003ABDF4 /* Debug */ = {
			isa = XCBuildConfiguration;
			buildSettings = {
				ALWAYS_EMBED_SWIFT_STANDARD_LIBRARIES = YES;
				ASSETCATALOG_COMPILER_APPICON_NAME = AppIcon;
				ASSETCATALOG_COMPILER_GLOBAL_ACCENT_COLOR_NAME = AccentColor;
				CODE_SIGN_STYLE = Automatic;
				CURRENT_PROJECT_VERSION = 1;
				DEVELOPMENT_ASSET_PATHS = "\"WaterApp/Preview Content\"";
				DEVELOPMENT_TEAM = C89Y3B6NMY;
				ENABLE_PREVIEWS = YES;
				GENERATE_INFOPLIST_FILE = YES;
				INFOPLIST_KEY_CFBundleDisplayName = WaterApp;
				INFOPLIST_KEY_UIApplicationSceneManifest_Generation = YES;
				INFOPLIST_KEY_UIApplicationSupportsIndirectInputEvents = YES;
				INFOPLIST_KEY_UILaunchScreen_Generation = YES;
				INFOPLIST_KEY_UISupportedInterfaceOrientations = UIInterfaceOrientationPortrait;
				INFOPLIST_KEY_UISupportedInterfaceOrientations_iPad = "UIInterfaceOrientationLandscapeLeft UIInterfaceOrientationLandscapeRight UIInterfaceOrientationPortrait UIInterfaceOrientationPortraitUpsideDown";
				IPHONEOS_DEPLOYMENT_TARGET = 16.2;
				LD_RUNPATH_SEARCH_PATHS = (
					"$(inherited)",
					"@executable_path/Frameworks",
				);
				MARKETING_VERSION = 1.0;
				PRODUCT_BUNDLE_IDENTIFIER = com.husalmous.WaterAppp;
				PRODUCT_NAME = "$(TARGET_NAME)";
				SDKROOT = iphoneos;
				SUPPORTED_PLATFORMS = "iphoneos iphonesimulator";
				SUPPORTS_MACCATALYST = NO;
				SUPPORTS_MAC_DESIGNED_FOR_IPHONE_IPAD = NO;
				SWIFT_EMIT_LOC_STRINGS = YES;
				SWIFT_VERSION = 5.0;
				TARGETED_DEVICE_FAMILY = 1;
			};
			name = Debug;
		};
		97BFCC9D29871FFD003ABDF4 /* Release */ = {
			isa = XCBuildConfiguration;
			buildSettings = {
				ALWAYS_EMBED_SWIFT_STANDARD_LIBRARIES = YES;
				ASSETCATALOG_COMPILER_APPICON_NAME = AppIcon;
				ASSETCATALOG_COMPILER_GLOBAL_ACCENT_COLOR_NAME = AccentColor;
				CODE_SIGN_STYLE = Automatic;
				CURRENT_PROJECT_VERSION = 1;
				DEVELOPMENT_ASSET_PATHS = "\"WaterApp/Preview Content\"";
				DEVELOPMENT_TEAM = C89Y3B6NMY;
				ENABLE_PREVIEWS = YES;
				GENERATE_INFOPLIST_FILE = YES;
				INFOPLIST_KEY_CFBundleDisplayName = WaterApp;
				INFOPLIST_KEY_UIApplicationSceneManifest_Generation = YES;
				INFOPLIST_KEY_UIApplicationSupportsIndirectInputEvents = YES;
				INFOPLIST_KEY_UILaunchScreen_Generation = YES;
				INFOPLIST_KEY_UISupportedInterfaceOrientations = UIInterfaceOrientationPortrait;
				INFOPLIST_KEY_UISupportedInterfaceOrientations_iPad = "UIInterfaceOrientationLandscapeLeft UIInterfaceOrientationLandscapeRight UIInterfaceOrientationPortrait UIInterfaceOrientationPortraitUpsideDown";
				IPHONEOS_DEPLOYMENT_TARGET = 16.2;
				LD_RUNPATH_SEARCH_PATHS = (
					"$(inherited)",
					"@executable_path/Frameworks",
				);
				MARKETING_VERSION = 1.0;
				PRODUCT_BUNDLE_IDENTIFIER = com.husalmous.WaterAppp;
				PRODUCT_NAME = "$(TARGET_NAME)";
				SDKROOT = iphoneos;
				SUPPORTED_PLATFORMS = "iphoneos iphonesimulator";
				SUPPORTS_MACCATALYST = NO;
				SUPPORTS_MAC_DESIGNED_FOR_IPHONE_IPAD = NO;
				SWIFT_EMIT_LOC_STRINGS = YES;
				SWIFT_VERSION = 5.0;
				TARGETED_DEVICE_FAMILY = 1;
				VALIDATE_PRODUCT = YES;
			};
			name = Release;
		};
/* End XCBuildConfiguration section */

/* Begin XCConfigurationList section */
		97BFCC7229871FF7003ABDF4 /* Build configuration list for PBXProject "WaterApp" */ = {
			isa = XCConfigurationList;
			buildConfigurations = (
				97BFCC9529871FFD003ABDF4 /* Debug */,
				97BFCC9629871FFD003ABDF4 /* Release */,
			);
			defaultConfigurationIsVisible = 0;
			defaultConfigurationName = Release;
		};
		97BFCC9729871FFD003ABDF4 /* Build configuration list for PBXNativeTarget "WaterApp Watch App" */ = {
			isa = XCConfigurationList;
			buildConfigurations = (
				97BFCC9829871FFD003ABDF4 /* Debug */,
				97BFCC9929871FFD003ABDF4 /* Release */,
			);
			defaultConfigurationIsVisible = 0;
			defaultConfigurationName = Release;
		};
		97BFCC9B29871FFD003ABDF4 /* Build configuration list for PBXNativeTarget "WaterApp" */ = {
			isa = XCConfigurationList;
			buildConfigurations = (
				97BFCC9C29871FFD003ABDF4 /* Debug */,
				97BFCC9D29871FFD003ABDF4 /* Release */,
			);
			defaultConfigurationIsVisible = 0;
			defaultConfigurationName = Release;
		};
/* End XCConfigurationList section */
	};
	rootObject = 97BFCC6F29871FF7003ABDF4 /* Project object */;
}
